
Microsoft Visual Studio Solution File, Format Version 12.00
# Visual Studio Version 17
VisualStudioVersion = 17.1.32210.238
MinimumVisualStudioVersion = 10.0.40219.1
Project("{9A19103F-16F7-4668-BE54-9A1E7A4F7556}") = "NanoPackUI", "NanoPackUI.csproj", "{9CB58B98-278C-4077-883A-CFAAD64CB492}"
EndProject
Global
	GlobalSection(SolutionConfigurationPlatforms) = preSolution
		Debug|Any CPU = Debug|Any CPU
		Release|Any CPU = Release|Any CPU
	EndGlobalSection
	GlobalSection(ProjectConfigurationPlatforms) = postSolution
		{9CB58B98-278C-4077-883A-CFAAD64CB492}.Debug|Any CPU.ActiveCfg = Release|Any CPU
		{9CB58B98-278C-4077-883A-CFAAD64CB492}.Debug|Any CPU.Build.0 = Release|Any CPU
		{9CB58B98-278C-4077-883A-CFAAD64CB492}.Release|Any CPU.ActiveCfg = Release|Any CPU
		{9CB58B98-278C-4077-883A-CFAAD64CB492}.Release|Any CPU.Build.0 = Release|Any CPU
	EndGlobalSection
	GlobalSection(SolutionProperties) = preSolution
		HideSolutionNode = FALSE
	EndGlobalSection
	GlobalSection(ExtensibilityGlobals) = postSolution
		SolutionGuid = {68BA2AD3-5D7F-4A9E-B7C6-A03CE1B8FA9B}
	EndGlobalSection
EndGlobal
